
Microsoft Visual Studio Solution File, Format Version 12.00
# Visual Studio 15
VisualStudioVersion = 15.0.28010.2041
MinimumVisualStudioVersion = 10.0.40219.1
Project("{FAE04EC0-301F-11D3-BF4B-00C04F79EFBC}") = "SecureApp", "SecureApp\SecureApp.csproj", "{1AC4DDE9-724E-4DEA-9460-E77D1BEC30E7}"
EndProject
Project("{2150E333-8FDC-42A3-9474-1A3956D46DE8}") = "Server", "Server", "{DCBC72C1-2E33-425E-ADBE-0954F91111FF}"
EndProject
Project("{2150E333-8FDC-42A3-9474-1A3956D46DE8}") = "Client", "Client", "{2C30BD31-3BB7-49BB-83BB-7F84E6B27D5C}"
EndProject
Project("{FAE04EC0-301F-11D3-BF4B-00C04F79EFBC}") = "SecureApp", "Client\SecureApp\SecureApp.csproj", "{B0C32300-9919-4066-84EC-A8903957ACAA}"
EndProject
Project("{2150E333-8FDC-42A3-9474-1A3956D46DE8}") = "Component", "Component", "{0B0BCAC1-C37B-4262-930C-695F867CDABA}"
EndProject
Project("{FAE04EC0-301F-11D3-BF4B-00C04F79EFBC}") = "Hardware Information", "Client\Component\Hardware Information\Hardware Information.csproj", "{94E45D29-6E51-47FC-933E-3746C27B6AAA}"
EndProject
Project("{FAE04EC0-301F-11D3-BF4B-00C04F79EFBC}") = "SecureApp.Utilities", "SecureApp.Utilities\SecureApp.Utilities.csproj", "{5B2E1C7F-DFDF-4455-B996-3AEA493EBD4A}"
EndProject
Project("{2150E333-8FDC-42A3-9474-1A3956D46DE8}") = "Test", "Test", "{B69B3B44-59BB-44B2-9420-75D91C516504}"
EndProject
Project("{FAE04EC0-301F-11D3-BF4B-00C04F79EFBC}") = "Demo", "Client\Test\Demo\Demo.csproj", "{E93BFED1-6604-4D5C-AD6A-6483852DDFE0}"
EndProject
Global
	GlobalSection(SolutionConfigurationPlatforms) = preSolution
		Debug|Any CPU = Debug|Any CPU
		Release|Any CPU = Release|Any CPU
	EndGlobalSection
	GlobalSection(ProjectConfigurationPlatforms) = postSolution
		{1AC4DDE9-724E-4DEA-9460-E77D1BEC30E7}.Debug|Any CPU.ActiveCfg = Debug|Any CPU
		{1AC4DDE9-724E-4DEA-9460-E77D1BEC30E7}.Debug|Any CPU.Build.0 = Debug|Any CPU
		{1AC4DDE9-724E-4DEA-9460-E77D1BEC30E7}.Release|Any CPU.ActiveCfg = Release|Any CPU
		{1AC4DDE9-724E-4DEA-9460-E77D1BEC30E7}.Release|Any CPU.Build.0 = Release|Any CPU
		{B0C32300-9919-4066-84EC-A8903957ACAA}.Debug|Any CPU.ActiveCfg = Debug|Any CPU
		{B0C32300-9919-4066-84EC-A8903957ACAA}.Debug|Any CPU.Build.0 = Debug|Any CPU
		{B0C32300-9919-4066-84EC-A8903957ACAA}.Release|Any CPU.ActiveCfg = Release|Any CPU
		{B0C32300-9919-4066-84EC-A8903957ACAA}.Release|Any CPU.Build.0 = Release|Any CPU
		{94E45D29-6E51-47FC-933E-3746C27B6AAA}.Debug|Any CPU.ActiveCfg = Debug|Any CPU
		{94E45D29-6E51-47FC-933E-3746C27B6AAA}.Debug|Any CPU.Build.0 = Debug|Any CPU
		{94E45D29-6E51-47FC-933E-3746C27B6AAA}.Release|Any CPU.ActiveCfg = Release|Any CPU
		{94E45D29-6E51-47FC-933E-3746C27B6AAA}.Release|Any CPU.Build.0 = Release|Any CPU
		{5B2E1C7F-DFDF-4455-B996-3AEA493EBD4A}.Debug|Any CPU.ActiveCfg = Debug|Any CPU
		{5B2E1C7F-DFDF-4455-B996-3AEA493EBD4A}.Debug|Any CPU.Build.0 = Debug|Any CPU
		{5B2E1C7F-DFDF-4455-B996-3AEA493EBD4A}.Release|Any CPU.ActiveCfg = Release|Any CPU
		{5B2E1C7F-DFDF-4455-B996-3AEA493EBD4A}.Release|Any CPU.Build.0 = Release|Any CPU
		{E93BFED1-6604-4D5C-AD6A-6483852DDFE0}.Debug|Any CPU.ActiveCfg = Debug|Any CPU
		{E93BFED1-6604-4D5C-AD6A-6483852DDFE0}.Debug|Any CPU.Build.0 = Debug|Any CPU
		{E93BFED1-6604-4D5C-AD6A-6483852DDFE0}.Release|Any CPU.ActiveCfg = Release|Any CPU
		{E93BFED1-6604-4D5C-AD6A-6483852DDFE0}.Release|Any CPU.Build.0 = Release|Any CPU
	EndGlobalSection
	GlobalSection(SolutionProperties) = preSolution
		HideSolutionNode = FALSE
	EndGlobalSection
	GlobalSection(ExtensibilityGlobals) = postSolution
		SolutionGuid = {3D004170-618E-4326-A2DB-18A5E2AB92C0}
	EndGlobalSection
	GlobalSection(NestedProjects) = preSolution
		{1AC4DDE9-724E-4DEA-9460-E77D1BEC30E7} = {DCBC72C1-2E33-425E-ADBE-0954F91111FF}
		{B0C32300-9919-4066-84EC-A8903957ACAA} = {2C30BD31-3BB7-49BB-83BB-7F84E6B27D5C}
		{0B0BCAC1-C37B-4262-930C-695F867CDABA} = {2C30BD31-3BB7-49BB-83BB-7F84E6B27D5C}
		{94E45D29-6E51-47FC-933E-3746C27B6AAA} = {0B0BCAC1-C37B-4262-930C-695F867CDABA}
		{B69B3B44-59BB-44B2-9420-75D91C516504} = {2C30BD31-3BB7-49BB-83BB-7F84E6B27D5C}
		{E93BFED1-6604-4D5C-AD6A-6483852DDFE0} = {B69B3B44-59BB-44B2-9420-75D91C516504}
	EndGlobalSection
EndGlobal
